# THIS IS AN AUTOGENERATED FILE. DO NOT EDIT THIS FILE DIRECTLY.
# yarn lockfile v1


"@types/node@*", "@types/node@^14.6.0":
  version "14.6.0"
  resolved "https://registry.yarnpkg.com/@types/node/-/node-14.6.0.tgz#7d4411bf5157339337d7cff864d9ff45f177b499"
  integrity sha512-mikldZQitV94akrc4sCcSjtJfsTKt4p+e/s0AGscVA6XArQ9kFclP+ZiYUMnq987rc6QlYxXv/EivqlfSLxpKA==

"@types/prompts@^2.0.8":
  version "2.0.8"
  resolved "https://registry.yarnpkg.com/@types/prompts/-/prompts-2.0.8.tgz#350fc8341426b2b68a56f874ea3bae399f771800"
  integrity sha512-lXXAa8c8ASoA61Tj9H5E5V2mRUTvNZ/dpJ5KxghI+O5geWMHt73NLZ9kEBBDK7zUUfMsMY3ZH4Sqeqh3SjSyfg==
  dependencies:
    "@types/node" "*"

kleur@^3.0.3:
  version "3.0.3"
  resolved "https://registry.yarnpkg.com/kleur/-/kleur-3.0.3.tgz#a79c9ecc86ee1ce3fa6206d1216c501f147fc07e"
  integrity sha512-eTIzlVOSUR+JxdDFepEYcBMtZ9Qqdef+rnzWdRZuMbOywu5tO2w2N7rqjoANZ5k9vywhL6Br1VRjUIgTQx4E8w==

prettier@^2.0.5:
  version "2.0.5"
  resolved "https://registry.yarnpkg.com/prettier/-/prettier-2.0.5.tgz#d6d56282455243f2f92cc1716692c08aa31522d4"
  integrity sha512-7PtVymN48hGcO4fGjybyBSIWDsLU4H4XlvOHfq91pz9kkGlonzwTfYkaIEwiRg/dAJF9YlbsduBAgtYLi+8cFg==

prompts@^2.3.2:
  version "2.3.2"
  resolved "https://registry.yarnpkg.com/prompts/-/prompts-2.3.2.tgz#480572d89ecf39566d2bd3fe2c9fccb7c4c0b068"
  integrity sha512-Q06uKs2CkNYVID0VqwfAl9mipo99zkBv/n2JtWY89Yxa3ZabWSrs0e2KTudKVa3peLUvYXMefDqIleLPVUBZMA==
  dependencies:
    kleur "^3.0.3"
    sisteransi "^1.0.4"

sisteransi@^1.0.4:
  version "1.0.5"
  resolved "https://registry.yarnpkg.com/sisteransi/-/sisteransi-1.0.5.tgz#134d681297756437cc05ca01370d3a7a571075ed"
  integrity sha512-bLGGlR1QxBcynn2d5YmDX4MGjlZvy2MRBDRNHLJ8VI6l6+9FUiyTFNJ0IveOSP0bcXgVDPRcfGqA0pjaqUpfVg==

typescript@^3.9.7:
  version "3.9.7"
  resolved "https://registry.yarnpkg.com/typescript/-/typescript-3.9.7.tgz#98d600a5ebdc38f40cb277522f12dc800e9e25fa"
  integrity sha512-BLbiRkiBzAwsjut4x/dsibSTB6yWpwT5qWmC2OfuCg3GgVQCSgMs4vEctYPhsaGtd0AeuuHMkjZ2h2WG8MSzRw==
